
Microsoft Visual Studio Solution File, Format Version 12.00
# Visual Studio 2013
VisualStudioVersion = 12.0.21005.1
MinimumVisualStudioVersion = 10.0.40219.1
Project("{FAE04EC0-301F-11D3-BF4B-00C04F79EFBC}") = "CsvGenerator", "CsvGenerator\CsvGenerator.csproj", "{2A3DDEC7-D075-431C-8029-C1A3BAA6DF2A}"
EndProject
Project("{FAE04EC0-301F-11D3-BF4B-00C04F79EFBC}") = "CsvGenerator.Tests", "CsvGenerator.Tests\CsvGenerator.Tests.csproj", "{4F5945E4-B77E-44D7-B726-93D634157E24}"
EndProject
Global
	GlobalSection(SolutionConfigurationPlatforms) = preSolution
		Debug|Any CPU = Debug|Any CPU
		Release|Any CPU = Release|Any CPU
	EndGlobalSection
	GlobalSection(ProjectConfigurationPlatforms) = postSolution
		{2A3DDEC7-D075-431C-8029-C1A3BAA6DF2A}.Debug|Any CPU.ActiveCfg = Debug|Any CPU
		{2A3DDEC7-D075-431C-8029-C1A3BAA6DF2A}.Debug|Any CPU.Build.0 = Debug|Any CPU
		{2A3DDEC7-D075-431C-8029-C1A3BAA6DF2A}.Release|Any CPU.ActiveCfg = Release|Any CPU
		{2A3DDEC7-D075-431C-8029-C1A3BAA6DF2A}.Release|Any CPU.Build.0 = Release|Any CPU
		{4F5945E4-B77E-44D7-B726-93D634157E24}.Debug|Any CPU.ActiveCfg = Debug|Any CPU
		{4F5945E4-B77E-44D7-B726-93D634157E24}.Debug|Any CPU.Build.0 = Debug|Any CPU
		{4F5945E4-B77E-44D7-B726-93D634157E24}.Release|Any CPU.ActiveCfg = Release|Any CPU
		{4F5945E4-B77E-44D7-B726-93D634157E24}.Release|Any CPU.Build.0 = Release|Any CPU
	EndGlobalSection
	GlobalSection(SolutionProperties) = preSolution
		HideSolutionNode = FALSE
	EndGlobalSection
EndGlobal
